# @generated by Move, please check-in and do not edit manually.

[move]
version = 3
manifest_digest = "1BE8F06842FEA4ECE732A5AEB2D11DA4EFF3F3382D3129BC90C43695CBA665D9"
deps_digest = "F8BBB0CCB2491CA29A3DF03D6F92277A4F3574266507ACD77214D37ECA3F3082"
dependencies = [
  { id = "Sui", name = "Sui" },
]

[[move.package]]
id = "MoveStdlib"
source = { git = "https://github.com/MystenLabs/sui.git", rev = "framework/testnet", subdir = "crates/sui-framework/packages/move-stdlib" }

[[move.package]]
id = "Sui"
source = { git = "https://github.com/MystenLabs/sui.git", rev = "framework/testnet", subdir = "crates/sui-framework/packages/sui-framework" }

dependencies = [
  { id = "MoveStdlib", name = "MoveStdlib" },
]

[move.toolchain-version]
compiler-version = "1.41.0"
edition = "2024.beta"
flavor = "sui"

[env]

[env.testnet]
chain-id = "4c78adac"
original-published-id = "0x6ac2bd421cd843b4afb9a30b7ad805c57e3fee39b3c36e53bbafed9d122512f6"
latest-published-id = "0x6ac2bd421cd843b4afb9a30b7ad805c57e3fee39b3c36e53bbafed9d122512f6"
published-version = "1"
